
Microsoft Visual Studio Solution File, Format Version 11.00
# Visual Studio 2010
Project("{FAE04EC0-301F-11D3-BF4B-00C04F79EFBC}") = "Oculus.VR", "Oculus.VR.csproj", "{0224955f-ae0f-575c-ae5c-69c2e4459bca}"
EndProject
Project("{FAE04EC0-301F-11D3-BF4B-00C04F79EFBC}") = "Assembly-CSharp", "Assembly-CSharp.csproj", "{e6bdc332-25e1-2831-82c1-25d0441455a3}"
EndProject
Project("{FAE04EC0-301F-11D3-BF4B-00C04F79EFBC}") = "Oculus.VR.Scripts.Editor", "Oculus.VR.Scripts.Editor.csproj", "{8e811a6a-7520-0375-ac3e-ac553b965d20}"
EndProject
Project("{FAE04EC0-301F-11D3-BF4B-00C04F79EFBC}") = "Oculus.VR.Editor", "Oculus.VR.Editor.csproj", "{c76a9a61-968e-8b55-820f-364cb4a43fa3}"
EndProject
Global
	GlobalSection(SolutionConfigurationPlatforms) = preSolution
		Debug|Any CPU = Debug|Any CPU
	EndGlobalSection
	GlobalSection(ProjectConfigurationPlatforms) = postSolution
		{0224955f-ae0f-575c-ae5c-69c2e4459bca}.Debug|Any CPU.ActiveCfg = Debug|Any CPU
		{0224955f-ae0f-575c-ae5c-69c2e4459bca}.Debug|Any CPU.Build.0 = Debug|Any CPU
		{e6bdc332-25e1-2831-82c1-25d0441455a3}.Debug|Any CPU.ActiveCfg = Debug|Any CPU
		{e6bdc332-25e1-2831-82c1-25d0441455a3}.Debug|Any CPU.Build.0 = Debug|Any CPU
		{8e811a6a-7520-0375-ac3e-ac553b965d20}.Debug|Any CPU.ActiveCfg = Debug|Any CPU
		{8e811a6a-7520-0375-ac3e-ac553b965d20}.Debug|Any CPU.Build.0 = Debug|Any CPU
		{c76a9a61-968e-8b55-820f-364cb4a43fa3}.Debug|Any CPU.ActiveCfg = Debug|Any CPU
		{c76a9a61-968e-8b55-820f-364cb4a43fa3}.Debug|Any CPU.Build.0 = Debug|Any CPU
	EndGlobalSection
	GlobalSection(SolutionProperties) = preSolution
		HideSolutionNode = FALSE
	EndGlobalSection
EndGlobal
